// !$*UTF8*$!
{
	archiveVersion = 1;
	classes = {
	};
	objectVersion = 48;
	objects = {

/* Begin PBXBuildFile section */
		A91703C120C2C0B3005B350A /* SearchViewController.swift in Sources */ = {isa = PBXBuildFile; fileRef = A91703C020C2C0B3005B350A /* SearchViewController.swift */; };
		A93DC30920C225FA00EB2842 /* AppDelegate.swift in Sources */ = {isa = PBXBuildFile; fileRef = A93DC30820C225FA00EB2842 /* AppDelegate.swift */; };
		A93DC31020C225FA00EB2842 /* Main.storyboard in Resources */ = {isa = PBXBuildFile; fileRef = A93DC30E20C225FA00EB2842 /* Main.storyboard */; };
		A93DC31220C225FA00EB2842 /* Assets.xcassets in Resources */ = {isa = PBXBuildFile; fileRef = A93DC31120C225FA00EB2842 /* Assets.xcassets */; };
		A93DC31520C225FA00EB2842 /* LaunchScreen.storyboard in Resources */ = {isa = PBXBuildFile; fileRef = A93DC31320C225FA00EB2842 /* LaunchScreen.storyboard */; };
/* End PBXBuildFile section */

/* Begin PBXContainerItemProxy section */
		A93DC31C20C225FA00EB2842 /* PBXContainerItemProxy */ = {
			isa = PBXContainerItemProxy;
			containerPortal = A93DC2FD20C225FA00EB2842 /* Project object */;
			proxyType = 1;
			remoteGlobalIDString = A93DC30420C225FA00EB2842;
			remoteInfo = "marvel-superhero";
		};
		A93DC32720C225FA00EB2842 /* PBXContainerItemProxy */ = {
			isa = PBXContainerItemProxy;
			containerPortal = A93DC2FD20C225FA00EB2842 /* Project object */;
			proxyType = 1;
			remoteGlobalIDString = A93DC30420C225FA00EB2842;
			remoteInfo = "marvel-superhero";
		};
/* End PBXContainerItemProxy section */

/* Begin PBXFileReference section */
		A91703C020C2C0B3005B350A /* SearchViewController.swift */ = {isa = PBXFileReference; lastKnownFileType = sourcecode.swift; path = SearchViewController.swift; sourceTree = "<group>"; };
		A93DC30520C225FA00EB2842 /* marvel-superhero.app */ = {isa = PBXFileReference; explicitFileType = wrapper.application; includeInIndex = 0; path = "marvel-superhero.app"; sourceTree = BUILT_PRODUCTS_DIR; };
		A93DC30820C225FA00EB2842 /* AppDelegate.swift */ = {isa = PBXFileReference; lastKnownFileType = sourcecode.swift; path = AppDelegate.swift; sourceTree = "<group>"; };
		A93DC30F20C225FA00EB2842 /* Base */ = {isa = PBXFileReference; lastKnownFileType = file.storyboard; name = Base; path = Base.lproj/Main.storyboard; sourceTree = "<group>"; };
		A93DC31120C225FA00EB2842 /* Assets.xcassets */ = {isa = PBXFileReference; lastKnownFileType = folder.assetcatalog; path = Assets.xcassets; sourceTree = "<group>"; };
		A93DC31420C225FA00EB2842 /* Base */ = {isa = PBXFileReference; lastKnownFileType = file.storyboard; name = Base; path = Base.lproj/LaunchScreen.storyboard; sourceTree = "<group>"; };
		A93DC31620C225FA00EB2842 /* Info.plist */ = {isa = PBXFileReference; lastKnownFileType = text.plist.xml; path = Info.plist; sourceTree = "<group>"; };
		A93DC31B20C225FA00EB2842 /* marvel-superheroTests.xctest */ = {isa = PBXFileReference; explicitFileType = wrapper.cfbundle; includeInIndex = 0; path = "marvel-superheroTests.xctest"; sourceTree = BUILT_PRODUCTS_DIR; };
		A93DC32120C225FA00EB2842 /* Info.plist */ = {isa = PBXFileReference; lastKnownFileType = text.plist.xml; path = Info.plist; sourceTree = "<group>"; };
		A93DC32620C225FA00EB2842 /* marvel-superheroUITests.xctest */ = {isa = PBXFileReference; explicitFileType = wrapper.cfbundle; includeInIndex = 0; path = "marvel-superheroUITests.xctest"; sourceTree = BUILT_PRODUCTS_DIR; };
		A93DC32C20C225FA00EB2842 /* Info.plist */ = {isa = PBXFileReference; lastKnownFileType = text.plist.xml; path = Info.plist; sourceTree = "<group>"; };
/* End PBXFileReference section */

/* Begin PBXFrameworksBuildPhase section */
		A93DC30220C225FA00EB2842 /* Frameworks */ = {
			isa = PBXFrameworksBuildPhase;
			buildActionMask = 2147483647;
			files = (
			);
			runOnlyForDeploymentPostprocessing = 0;
		};
		A93DC31820C225FA00EB2842 /* Frameworks */ = {
			isa = PBXFrameworksBuildPhase;
			buildActionMask = 2147483647;
			files = (
			);
			runOnlyForDeploymentPostprocessing = 0;
		};
		A93DC32320C225FA00EB2842 /* Frameworks */ = {
			isa = PBXFrameworksBuildPhase;
			buildActionMask = 2147483647;
			files = (
			);
			runOnlyForDeploymentPostprocessing = 0;
		};
/* End PBXFrameworksBuildPhase section */

/* Begin PBXGroup section */
		A91703BF20C2C09C005B350A /* View Controllers */ = {
			isa = PBXGroup;
			children = (
				A91703C020C2C0B3005B350A /* SearchViewController.swift */,
			);
			path = "View Controllers";
			sourceTree = "<group>";
		};
		A93DC2FC20C225FA00EB2842 = {
			isa = PBXGroup;
			children = (
				A93DC30720C225FA00EB2842 /* marvel-superhero */,
				A93DC31E20C225FA00EB2842 /* marvel-superheroTests */,
				A93DC32920C225FA00EB2842 /* marvel-superheroUITests */,
				A93DC30620C225FA00EB2842 /* Products */,
			);
			sourceTree = "<group>";
		};
		A93DC30620C225FA00EB2842 /* Products */ = {
			isa = PBXGroup;
			children = (
				A93DC30520C225FA00EB2842 /* marvel-superhero.app */,
				A93DC31B20C225FA00EB2842 /* marvel-superheroTests.xctest */,
				A93DC32620C225FA00EB2842 /* marvel-superheroUITests.xctest */,
			);
			name = Products;
			sourceTree = "<group>";
		};
		A93DC30720C225FA00EB2842 /* marvel-superhero */ = {
			isa = PBXGroup;
			children = (
				A93DC33820C2271300EB2842 /* Application Delegate */,
				A91703BF20C2C09C005B350A /* View Controllers */,
				A93DC33A20C227F400EB2842 /* Storyboards */,
				A93DC33B20C2280C00EB2842 /* Resources */,
				A93DC33C20C2281B00EB2842 /* Supporting Files */,
			);
			path = "marvel-superhero";
			sourceTree = "<group>";
		};
		A93DC31E20C225FA00EB2842 /* marvel-superheroTests */ = {
			isa = PBXGroup;
			children = (
				A93DC33D20C2283600EB2842 /* Supporting Files */,
			);
			path = "marvel-superheroTests";
			sourceTree = "<group>";
		};
		A93DC32920C225FA00EB2842 /* marvel-superheroUITests */ = {
			isa = PBXGroup;
			children = (
				A93DC33E20C2284100EB2842 /* Supporting Files */,
			);
			path = "marvel-superheroUITests";
			sourceTree = "<group>";
		};
		A93DC33820C2271300EB2842 /* Application Delegate */ = {
			isa = PBXGroup;
			children = (
				A93DC30820C225FA00EB2842 /* AppDelegate.swift */,
			);
			path = "Application Delegate";
			sourceTree = "<group>";
		};
		A93DC33A20C227F400EB2842 /* Storyboards */ = {
			isa = PBXGroup;
			children = (
				A93DC30E20C225FA00EB2842 /* Main.storyboard */,
				A93DC31320C225FA00EB2842 /* LaunchScreen.storyboard */,
			);
			path = Storyboards;
			sourceTree = "<group>";
		};
		A93DC33B20C2280C00EB2842 /* Resources */ = {
			isa = PBXGroup;
			children = (
				A93DC31120C225FA00EB2842 /* Assets.xcassets */,
			);
			path = Resources;
			sourceTree = "<group>";
		};
		A93DC33C20C2281B00EB2842 /* Supporting Files */ = {
			isa = PBXGroup;
			children = (
				A93DC31620C225FA00EB2842 /* Info.plist */,
			);
			path = "Supporting Files";
			sourceTree = "<group>";
		};
		A93DC33D20C2283600EB2842 /* Supporting Files */ = {
			isa = PBXGroup;
			children = (
				A93DC32120C225FA00EB2842 /* Info.plist */,
			);
			path = "Supporting Files";
			sourceTree = "<group>";
		};
		A93DC33E20C2284100EB2842 /* Supporting Files */ = {
			isa = PBXGroup;
			children = (
				A93DC32C20C225FA00EB2842 /* Info.plist */,
			);
			path = "Supporting Files";
			sourceTree = "<group>";
		};
/* End PBXGroup section */

/* Begin PBXNativeTarget section */
		A93DC30420C225FA00EB2842 /* marvel-superhero */ = {
			isa = PBXNativeTarget;
			buildConfigurationList = A93DC32F20C225FA00EB2842 /* Build configuration list for PBXNativeTarget "marvel-superhero" */;
			buildPhases = (
				A93DC30120C225FA00EB2842 /* Sources */,
				A93DC30220C225FA00EB2842 /* Frameworks */,
				A93DC30320C225FA00EB2842 /* Resources */,
			);
			buildRules = (
			);
			dependencies = (
			);
			name = "marvel-superhero";
			productName = "marvel-superhero";
			productReference = A93DC30520C225FA00EB2842 /* marvel-superhero.app */;
			productType = "com.apple.product-type.application";
		};
		A93DC31A20C225FA00EB2842 /* marvel-superheroTests */ = {
			isa = PBXNativeTarget;
			buildConfigurationList = A93DC33220C225FA00EB2842 /* Build configuration list for PBXNativeTarget "marvel-superheroTests" */;
			buildPhases = (
				A93DC31720C225FA00EB2842 /* Sources */,
				A93DC31820C225FA00EB2842 /* Frameworks */,
				A93DC31920C225FA00EB2842 /* Resources */,
			);
			buildRules = (
			);
			dependencies = (
				A93DC31D20C225FA00EB2842 /* PBXTargetDependency */,
			);
			name = "marvel-superheroTests";
			productName = "marvel-superheroTests";
			productReference = A93DC31B20C225FA00EB2842 /* marvel-superheroTests.xctest */;
			productType = "com.apple.product-type.bundle.unit-test";
		};
		A93DC32520C225FA00EB2842 /* marvel-superheroUITests */ = {
			isa = PBXNativeTarget;
			buildConfigurationList = A93DC33520C225FA00EB2842 /* Build configuration list for PBXNativeTarget "marvel-superheroUITests" */;
			buildPhases = (
				A93DC32220C225FA00EB2842 /* Sources */,
				A93DC32320C225FA00EB2842 /* Frameworks */,
				A93DC32420C225FA00EB2842 /* Resources */,
			);
			buildRules = (
			);
			dependencies = (
				A93DC32820C225FA00EB2842 /* PBXTargetDependency */,
			);
			name = "marvel-superheroUITests";
			productName = "marvel-superheroUITests";
			productReference = A93DC32620C225FA00EB2842 /* marvel-superheroUITests.xctest */;
			productType = "com.apple.product-type.bundle.ui-testing";
		};
/* End PBXNativeTarget section */

/* Begin PBXProject section */
		A93DC2FD20C225FA00EB2842 /* Project object */ = {
			isa = PBXProject;
			attributes = {
				LastSwiftUpdateCheck = 0920;
				LastUpgradeCheck = 0920;
				ORGANIZATIONNAME = "Antonio R de Carvalho Jr";
				TargetAttributes = {
					A93DC30420C225FA00EB2842 = {
						CreatedOnToolsVersion = 9.2;
						ProvisioningStyle = Automatic;
					};
					A93DC31A20C225FA00EB2842 = {
						CreatedOnToolsVersion = 9.2;
						ProvisioningStyle = Automatic;
						TestTargetID = A93DC30420C225FA00EB2842;
					};
					A93DC32520C225FA00EB2842 = {
						CreatedOnToolsVersion = 9.2;
						ProvisioningStyle = Automatic;
						TestTargetID = A93DC30420C225FA00EB2842;
					};
				};
			};
			buildConfigurationList = A93DC30020C225FA00EB2842 /* Build configuration list for PBXProject "marvel-superhero" */;
			compatibilityVersion = "Xcode 8.0";
			developmentRegion = en;
			hasScannedForEncodings = 0;
			knownRegions = (
				en,
				Base,
			);
			mainGroup = A93DC2FC20C225FA00EB2842;
			productRefGroup = A93DC30620C225FA00EB2842 /* Products */;
			projectDirPath = "";
			projectRoot = "";
			targets = (
				A93DC30420C225FA00EB2842 /* marvel-superhero */,
				A93DC31A20C225FA00EB2842 /* marvel-superheroTests */,
				A93DC32520C225FA00EB2842 /* marvel-superheroUITests */,
			);
		};
/* End PBXProject section */

/* Begin PBXResourcesBuildPhase section */
		A93DC30320C225FA00EB2842 /* Resources */ = {
			isa = PBXResourcesBuildPhase;
			buildActionMask = 2147483647;
			files = (
				A93DC31520C225FA00EB2842 /* LaunchScreen.storyboard in Resources */,
				A93DC31220C225FA00EB2842 /* Assets.xcassets in Resources */,
				A93DC31020C225FA00EB2842 /* Main.storyboard in Resources */,
			);
			runOnlyForDeploymentPostprocessing = 0;
		};
		A93DC31920C225FA00EB2842 /* Resources */ = {
			isa = PBXResourcesBuildPhase;
			buildActionMask = 2147483647;
			files = (
			);
			runOnlyForDeploymentPostprocessing = 0;
		};
		A93DC32420C225FA00EB2842 /* Resources */ = {
			isa = PBXResourcesBuildPhase;
			buildActionMask = 2147483647;
			files = (
			);
			runOnlyForDeploymentPostprocessing = 0;
		};
/* End PBXResourcesBuildPhase section */

/* Begin PBXSourcesBuildPhase section */
		A93DC30120C225FA00EB2842 /* Sources */ = {
			isa = PBXSourcesBuildPhase;
			buildActionMask = 2147483647;
			files = (
				A91703C120C2C0B3005B350A /* SearchViewController.swift in Sources */,
				A93DC30920C225FA00EB2842 /* AppDelegate.swift in Sources */,
			);
			runOnlyForDeploymentPostprocessing = 0;
		};
		A93DC31720C225FA00EB2842 /* Sources */ = {
			isa = PBXSourcesBuildPhase;
			buildActionMask = 2147483647;
			files = (
			);
			runOnlyForDeploymentPostprocessing = 0;
		};
		A93DC32220C225FA00EB2842 /* Sources */ = {
			isa = PBXSourcesBuildPhase;
			buildActionMask = 2147483647;
			files = (
			);
			runOnlyForDeploymentPostprocessing = 0;
		};
/* End PBXSourcesBuildPhase section */

/* Begin PBXTargetDependency section */
		A93DC31D20C225FA00EB2842 /* PBXTargetDependency */ = {
			isa = PBXTargetDependency;
			target = A93DC30420C225FA00EB2842 /* marvel-superhero */;
			targetProxy = A93DC31C20C225FA00EB2842 /* PBXContainerItemProxy */;
		};
		A93DC32820C225FA00EB2842 /* PBXTargetDependency */ = {
			isa = PBXTargetDependency;
			target = A93DC30420C225FA00EB2842 /* marvel-superhero */;
			targetProxy = A93DC32720C225FA00EB2842 /* PBXContainerItemProxy */;
		};
/* End PBXTargetDependency section */

/* Begin PBXVariantGroup section */
		A93DC30E20C225FA00EB2842 /* Main.storyboard */ = {
			isa = PBXVariantGroup;
			children = (
				A93DC30F20C225FA00EB2842 /* Base */,
			);
			name = Main.storyboard;
			sourceTree = "<group>";
		};
		A93DC31320C225FA00EB2842 /* LaunchScreen.storyboard */ = {
			isa = PBXVariantGroup;
			children = (
				A93DC31420C225FA00EB2842 /* Base */,
			);
			name = LaunchScreen.storyboard;
			sourceTree = "<group>";
		};
/* End PBXVariantGroup section */

/* Begin XCBuildConfiguration section */
		A93DC32D20C225FA00EB2842 /* Debug */ = {
			isa = XCBuildConfiguration;
			buildSettings = {
				ALWAYS_SEARCH_USER_PATHS = NO;
				CLANG_ANALYZER_NONNULL = YES;
				CLANG_ANALYZER_NUMBER_OBJECT_CONVERSION = YES_AGGRESSIVE;
				CLANG_CXX_LANGUAGE_STANDARD = "gnu++14";
				CLANG_CXX_LIBRARY = "libc++";
				CLANG_ENABLE_MODULES = YES;
				CLANG_ENABLE_OBJC_ARC = YES;
				CLANG_WARN_BLOCK_CAPTURE_AUTORELEASING = YES;
				CLANG_WARN_BOOL_CONVERSION = YES;
				CLANG_WARN_COMMA = YES;
				CLANG_WARN_CONSTANT_CONVERSION = YES;
				CLANG_WARN_DIRECT_OBJC_ISA_USAGE = YES_ERROR;
				CLANG_WARN_DOCUMENTATION_COMMENTS = YES;
				CLANG_WARN_EMPTY_BODY = YES;
				CLANG_WARN_ENUM_CONVERSION = YES;
				CLANG_WARN_INFINITE_RECURSION = YES;
				CLANG_WARN_INT_CONVERSION = YES;
				CLANG_WARN_NON_LITERAL_NULL_CONVERSION = YES;
				CLANG_WARN_OBJC_LITERAL_CONVERSION = YES;
				CLANG_WARN_OBJC_ROOT_CLASS = YES_ERROR;
				CLANG_WARN_RANGE_LOOP_ANALYSIS = YES;
				CLANG_WARN_STRICT_PROTOTYPES = YES;
				CLANG_WARN_SUSPICIOUS_MOVE = YES;
				CLANG_WARN_UNGUARDED_AVAILABILITY = YES_AGGRESSIVE;
				CLANG_WARN_UNREACHABLE_CODE = YES;
				CLANG_WARN__DUPLICATE_METHOD_MATCH = YES;
				CODE_SIGN_IDENTITY = "iPhone Developer";
				COPY_PHASE_STRIP = NO;
				DEBUG_INFORMATION_FORMAT = dwarf;
				ENABLE_STRICT_OBJC_MSGSEND = YES;
				ENABLE_TESTABILITY = YES;
				GCC_C_LANGUAGE_STANDARD = gnu11;
				GCC_DYNAMIC_NO_PIC = NO;
				GCC_NO_COMMON_BLOCKS = YES;
				GCC_OPTIMIZATION_LEVEL = 0;
				GCC_PREPROCESSOR_DEFINITIONS = (
					"DEBUG=1",
					"$(inherited)",
				);
				GCC_WARN_64_TO_32_BIT_CONVERSION = YES;
				GCC_WARN_ABOUT_RETURN_TYPE = YES_ERROR;
				GCC_WARN_UNDECLARED_SELECTOR = YES;
				GCC_WARN_UNINITIALIZED_AUTOS = YES_AGGRESSIVE;
				GCC_WARN_UNUSED_FUNCTION = YES;
				GCC_WARN_UNUSED_VARIABLE = YES;
				IPHONEOS_DEPLOYMENT_TARGET = 10.0;
				MTL_ENABLE_DEBUG_INFO = YES;
				ONLY_ACTIVE_ARCH = YES;
				SDKROOT = iphoneos;
				SWIFT_ACTIVE_COMPILATION_CONDITIONS = DEBUG;
				SWIFT_OPTIMIZATION_LEVEL = "-Onone";
			};
			name = Debug;
		};
		A93DC32E20C225FA00EB2842 /* Release */ = {
			isa = XCBuildConfiguration;
			buildSettings = {
				ALWAYS_SEARCH_USER_PATHS = NO;
				CLANG_ANALYZER_NONNULL = YES;
				CLANG_ANALYZER_NUMBER_OBJECT_CONVERSION = YES_AGGRESSIVE;
				CLANG_CXX_LANGUAGE_STANDARD = "gnu++14";
				CLANG_CXX_LIBRARY = "libc++";
				CLANG_ENABLE_MODULES = YES;
				CLANG_ENABLE_OBJC_ARC = YES;
				CLANG_WARN_BLOCK_CAPTURE_AUTORELEASING = YES;
				CLANG_WARN_BOOL_CONVERSION = YES;
				CLANG_WARN_COMMA = YES;
				CLANG_WARN_CONSTANT_CONVERSION = YES;
				CLANG_WARN_DIRECT_OBJC_ISA_USAGE = YES_ERROR;
				CLANG_WARN_DOCUMENTATION_COMMENTS = YES;
				CLANG_WARN_EMPTY_BODY = YES;
				CLANG_WARN_ENUM_CONVERSION = YES;
				CLANG_WARN_INFINITE_RECURSION = YES;
				CLANG_WARN_INT_CONVERSION = YES;
				CLANG_WARN_NON_LITERAL_NULL_CONVERSION = YES;
				CLANG_WARN_OBJC_LITERAL_CONVERSION = YES;
				CLANG_WARN_OBJC_ROOT_CLASS = YES_ERROR;
				CLANG_WARN_RANGE_LOOP_ANALYSIS = YES;
				CLANG_WARN_STRICT_PROTOTYPES = YES;
				CLANG_WARN_SUSPICIOUS_MOVE = YES;
				CLANG_WARN_UNGUARDED_AVAILABILITY = YES_AGGRESSIVE;
				CLANG_WARN_UNREACHABLE_CODE = YES;
				CLANG_WARN__DUPLICATE_METHOD_MATCH = YES;
				CODE_SIGN_IDENTITY = "iPhone Developer";
				COPY_PHASE_STRIP = NO;
				DEBUG_INFORMATION_FORMAT = "dwarf-with-dsym";
				ENABLE_NS_ASSERTIONS = NO;
				ENABLE_STRICT_OBJC_MSGSEND = YES;
				GCC_C_LANGUAGE_STANDARD = gnu11;
				GCC_NO_COMMON_BLOCKS = YES;
				GCC_WARN_64_TO_32_BIT_CONVERSION = YES;
				GCC_WARN_ABOUT_RETURN_TYPE = YES_ERROR;
				GCC_WARN_UNDECLARED_SELECTOR = YES;
				GCC_WARN_UNINITIALIZED_AUTOS = YES_AGGRESSIVE;
				GCC_WARN_UNUSED_FUNCTION = YES;
				GCC_WARN_UNUSED_VARIABLE = YES;
				IPHONEOS_DEPLOYMENT_TARGET = 10.0;
				MTL_ENABLE_DEBUG_INFO = NO;
				SDKROOT = iphoneos;
				SWIFT_OPTIMIZATION_LEVEL = "-Owholemodule";
				VALIDATE_PRODUCT = YES;
			};
			name = Release;
		};
		A93DC33020C225FA00EB2842 /* Debug */ = {
			isa = XCBuildConfiguration;
			buildSettings = {
				ASSETCATALOG_COMPILER_APPICON_NAME = AppIcon;
				CODE_SIGN_STYLE = Automatic;
				DEVELOPMENT_TEAM = MZ8EMUKFBD;
				INFOPLIST_FILE = "marvel-superhero/Info.plist";
				LD_RUNPATH_SEARCH_PATHS = "$(inherited) @executable_path/Frameworks";
				PRODUCT_BUNDLE_IDENTIFIER = "br.com.antoniorcjr.marvel-superhero";
				PRODUCT_NAME = "$(TARGET_NAME)";
				SWIFT_VERSION = 4.0;
				TARGETED_DEVICE_FAMILY = 1;
			};
			name = Debug;
		};
		A93DC33120C225FA00EB2842 /* Release */ = {
			isa = XCBuildConfiguration;
			buildSettings = {
				ASSETCATALOG_COMPILER_APPICON_NAME = AppIcon;
				CODE_SIGN_STYLE = Automatic;
				DEVELOPMENT_TEAM = MZ8EMUKFBD;
				INFOPLIST_FILE = "marvel-superhero/Info.plist";
				LD_RUNPATH_SEARCH_PATHS = "$(inherited) @executable_path/Frameworks";
				PRODUCT_BUNDLE_IDENTIFIER = "br.com.antoniorcjr.marvel-superhero";
				PRODUCT_NAME = "$(TARGET_NAME)";
				SWIFT_VERSION = 4.0;
				TARGETED_DEVICE_FAMILY = 1;
			};
			name = Release;
		};
		A93DC33320C225FA00EB2842 /* Debug */ = {
			isa = XCBuildConfiguration;
			buildSettings = {
				ALWAYS_EMBED_SWIFT_STANDARD_LIBRARIES = YES;
				BUNDLE_LOADER = "$(TEST_HOST)";
				CODE_SIGN_STYLE = Automatic;
				DEVELOPMENT_TEAM = MZ8EMUKFBD;
				INFOPLIST_FILE = "marvel-superheroTests/Supporting Files/Info.plist";
				LD_RUNPATH_SEARCH_PATHS = "$(inherited) @executable_path/Frameworks @loader_path/Frameworks";
				PRODUCT_BUNDLE_IDENTIFIER = "br.com.antoniorcjr.marvel-superheroTests";
				PRODUCT_NAME = "$(TARGET_NAME)";
				SWIFT_VERSION = 4.0;
				TARGETED_DEVICE_FAMILY = "1,2";
				TEST_HOST = "$(BUILT_PRODUCTS_DIR)/marvel-superhero.app/marvel-superhero";
			};
			name = Debug;
		};
		A93DC33420C225FA00EB2842 /* Release */ = {
			isa = XCBuildConfiguration;
			buildSettings = {
				ALWAYS_EMBED_SWIFT_STANDARD_LIBRARIES = YES;
				BUNDLE_LOADER = "$(TEST_HOST)";
				CODE_SIGN_STYLE = Automatic;
				DEVELOPMENT_TEAM = MZ8EMUKFBD;
				INFOPLIST_FILE = "marvel-superheroTests/Supporting Files/Info.plist";
				LD_RUNPATH_SEARCH_PATHS = "$(inherited) @executable_path/Frameworks @loader_path/Frameworks";
				PRODUCT_BUNDLE_IDENTIFIER = "br.com.antoniorcjr.marvel-superheroTests";
				PRODUCT_NAME = "$(TARGET_NAME)";
				SWIFT_VERSION = 4.0;
				TARGETED_DEVICE_FAMILY = "1,2";
				TEST_HOST = "$(BUILT_PRODUCTS_DIR)/marvel-superhero.app/marvel-superhero";
			};
			name = Release;
		};
		A93DC33620C225FA00EB2842 /* Debug */ = {
			isa = XCBuildConfiguration;
			buildSettings = {
				ALWAYS_EMBED_SWIFT_STANDARD_LIBRARIES = YES;
				CODE_SIGN_STYLE = Automatic;
				DEVELOPMENT_TEAM = MZ8EMUKFBD;
				INFOPLIST_FILE = "marvel-superheroUITests/Supporting Files/Info.plist";
				LD_RUNPATH_SEARCH_PATHS = "$(inherited) @executable_path/Frameworks @loader_path/Frameworks";
				PRODUCT_BUNDLE_IDENTIFIER = "br.com.antoniorcjr.marvel-superheroUITests";
				PRODUCT_NAME = "$(TARGET_NAME)";
				SWIFT_VERSION = 4.0;
				TARGETED_DEVICE_FAMILY = "1,2";
				TEST_TARGET_NAME = "marvel-superhero";
			};
			name = Debug;
		};
		A93DC33720C225FA00EB2842 /* Release */ = {
			isa = XCBuildConfiguration;
			buildSettings = {
				ALWAYS_EMBED_SWIFT_STANDARD_LIBRARIES = YES;
				CODE_SIGN_STYLE = Automatic;
				DEVELOPMENT_TEAM = MZ8EMUKFBD;
				INFOPLIST_FILE = "marvel-superheroUITests/Supporting Files/Info.plist";
				LD_RUNPATH_SEARCH_PATHS = "$(inherited) @executable_path/Frameworks @loader_path/Frameworks";
				PRODUCT_BUNDLE_IDENTIFIER = "br.com.antoniorcjr.marvel-superheroUITests";
				PRODUCT_NAME = "$(TARGET_NAME)";
				SWIFT_VERSION = 4.0;
				TARGETED_DEVICE_FAMILY = "1,2";
				TEST_TARGET_NAME = "marvel-superhero";
			};
			name = Release;
		};
/* End XCBuildConfiguration section */

/* Begin XCConfigurationList section */
		A93DC30020C225FA00EB2842 /* Build configuration list for PBXProject "marvel-superhero" */ = {
			isa = XCConfigurationList;
			buildConfigurations = (
				A93DC32D20C225FA00EB2842 /* Debug */,
				A93DC32E20C225FA00EB2842 /* Release */,
			);
			defaultConfigurationIsVisible = 0;
			defaultConfigurationName = Release;
		};
		A93DC32F20C225FA00EB2842 /* Build configuration list for PBXNativeTarget "marvel-superhero" */ = {
			isa = XCConfigurationList;
			buildConfigurations = (
				A93DC33020C225FA00EB2842 /* Debug */,
				A93DC33120C225FA00EB2842 /* Release */,
			);
			defaultConfigurationIsVisible = 0;
			defaultConfigurationName = Release;
		};
		A93DC33220C225FA00EB2842 /* Build configuration list for PBXNativeTarget "marvel-superheroTests" */ = {
			isa = XCConfigurationList;
			buildConfigurations = (
				A93DC33320C225FA00EB2842 /* Debug */,
				A93DC33420C225FA00EB2842 /* Release */,
			);
			defaultConfigurationIsVisible = 0;
			defaultConfigurationName = Release;
		};
		A93DC33520C225FA00EB2842 /* Build configuration list for PBXNativeTarget "marvel-superheroUITests" */ = {
			isa = XCConfigurationList;
			buildConfigurations = (
				A93DC33620C225FA00EB2842 /* Debug */,
				A93DC33720C225FA00EB2842 /* Release */,
			);
			defaultConfigurationIsVisible = 0;
			defaultConfigurationName = Release;
		};
/* End XCConfigurationList section */
	};
	rootObject = A93DC2FD20C225FA00EB2842 /* Project object */;
}
